// !$*UTF8*$!
{
	archiveVersion = 1;
	classes = {
	};
	objectVersion = 55;
	objects = {

/* Begin PBXBuildFile section */
		32552EE7286D685700194472 /* FoodOrderingAppApp.swift in Sources */ = {isa = PBXBuildFile; fileRef = 32552EE6286D685700194472 /* FoodOrderingAppApp.swift */; };
		32552EE9286D685700194472 /* ContentView.swift in Sources */ = {isa = PBXBuildFile; fileRef = 32552EE8286D685700194472 /* ContentView.swift */; };
		32552EEB286D685A00194472 /* Assets.xcassets in Resources */ = {isa = PBXBuildFile; fileRef = 32552EEA286D685A00194472 /* Assets.xcassets */; };
		32552EEE286D685A00194472 /* Preview Assets.xcassets in Resources */ = {isa = PBXBuildFile; fileRef = 32552EED286D685A00194472 /* Preview Assets.xcassets */; };
		32552EF8286D685A00194472 /* FoodOrderingAppTests.swift in Sources */ = {isa = PBXBuildFile; fileRef = 32552EF7286D685A00194472 /* FoodOrderingAppTests.swift */; };
		32552F02286D685A00194472 /* FoodOrderingAppUITests.swift in Sources */ = {isa = PBXBuildFile; fileRef = 32552F01286D685A00194472 /* FoodOrderingAppUITests.swift */; };
		32552F04286D685A00194472 /* FoodOrderingAppUITestsLaunchTests.swift in Sources */ = {isa = PBXBuildFile; fileRef = 32552F03286D685A00194472 /* FoodOrderingAppUITestsLaunchTests.swift */; };
		32552F14286D68C200194472 /* Home.swift in Sources */ = {isa = PBXBuildFile; fileRef = 32552F13286D68C200194472 /* Home.swift */; };
		32552F16286D68D500194472 /* HomeViewModel.swift in Sources */ = {isa = PBXBuildFile; fileRef = 32552F15286D68D500194472 /* HomeViewModel.swift */; };
		32552F18286D9DEE00194472 /* Menu.swift in Sources */ = {isa = PBXBuildFile; fileRef = 32552F17286D9DEE00194472 /* Menu.swift */; };
		32552F1A286DB0E800194472 /* GoogleService-Info.plist in Resources */ = {isa = PBXBuildFile; fileRef = 32552F19286DB0E800194472 /* GoogleService-Info.plist */; };
		32BFAC092872AF2100F1D40F /* Item.swift in Sources */ = {isa = PBXBuildFile; fileRef = 32BFAC082872AF2100F1D40F /* Item.swift */; };
		32BFAC0B2872B48F00F1D40F /* ItemView.swift in Sources */ = {isa = PBXBuildFile; fileRef = 32BFAC0A2872B48F00F1D40F /* ItemView.swift */; };
		32BFAC0E2872B64B00F1D40F /* SDWebImageSwiftUI in Frameworks */ = {isa = PBXBuildFile; productRef = 32BFAC0D2872B64B00F1D40F /* SDWebImageSwiftUI */; };
		32BFAC102874294C00F1D40F /* Cart.swift in Sources */ = {isa = PBXBuildFile; fileRef = 32BFAC0F2874294C00F1D40F /* Cart.swift */; };
		32BFAC122874358D00F1D40F /* CartView.swift in Sources */ = {isa = PBXBuildFile; fileRef = 32BFAC112874358D00F1D40F /* CartView.swift */; };
		935ED3B488FF24488F40511D /* Pods_FoodOrderingApp_FoodOrderingAppUITests.framework in Frameworks */ = {isa = PBXBuildFile; fileRef = 8A32E33010ECDD07C3BF60B1 /* Pods_FoodOrderingApp_FoodOrderingAppUITests.framework */; };
		A30B9FEC6EBA8CF6CAF7BD14 /* Pods_FoodOrderingAppTests.framework in Frameworks */ = {isa = PBXBuildFile; fileRef = C9AA4A9A4CEC0FD40070F476 /* Pods_FoodOrderingAppTests.framework */; };
		D9244FD7E4550FDB5E3FE59D /* Pods_FoodOrderingApp.framework in Frameworks */ = {isa = PBXBuildFile; fileRef = 0C37D5CCC4D53A099F748DFC /* Pods_FoodOrderingApp.framework */; };
/* End PBXBuildFile section */

/* Begin PBXContainerItemProxy section */
		32552EF4286D685A00194472 /* PBXContainerItemProxy */ = {
			isa = PBXContainerItemProxy;
			containerPortal = 32552EDB286D685700194472 /* Project object */;
			proxyType = 1;
			remoteGlobalIDString = 32552EE2286D685700194472;
			remoteInfo = FoodOrderingApp;
		};
		32552EFE286D685A00194472 /* PBXContainerItemProxy */ = {
			isa = PBXContainerItemProxy;
			containerPortal = 32552EDB286D685700194472 /* Project object */;
			proxyType = 1;
			remoteGlobalIDString = 32552EE2286D685700194472;
			remoteInfo = FoodOrderingApp;
		};
/* End PBXContainerItemProxy section */

/* Begin PBXFileReference section */
		0A9669882DD8A30D8416A197 /* Pods-FoodOrderingApp.debug.xcconfig */ = {isa = PBXFileReference; includeInIndex = 1; lastKnownFileType = text.xcconfig; name = "Pods-FoodOrderingApp.debug.xcconfig"; path = "Target Support Files/Pods-FoodOrderingApp/Pods-FoodOrderingApp.debug.xcconfig"; sourceTree = "<group>"; };
		0C37D5CCC4D53A099F748DFC /* Pods_FoodOrderingApp.framework */ = {isa = PBXFileReference; explicitFileType = wrapper.framework; includeInIndex = 0; path = Pods_FoodOrderingApp.framework; sourceTree = BUILT_PRODUCTS_DIR; };
		32552EE3286D685700194472 /* FoodOrderingApp.app */ = {isa = PBXFileReference; explicitFileType = wrapper.application; includeInIndex = 0; path = FoodOrderingApp.app; sourceTree = BUILT_PRODUCTS_DIR; };
		32552EE6286D685700194472 /* FoodOrderingAppApp.swift */ = {isa = PBXFileReference; lastKnownFileType = sourcecode.swift; path = FoodOrderingAppApp.swift; sourceTree = "<group>"; };
		32552EE8286D685700194472 /* ContentView.swift */ = {isa = PBXFileReference; lastKnownFileType = sourcecode.swift; path = ContentView.swift; sourceTree = "<group>"; };
		32552EEA286D685A00194472 /* Assets.xcassets */ = {isa = PBXFileReference; lastKnownFileType = folder.assetcatalog; path = Assets.xcassets; sourceTree = "<group>"; };
		32552EED286D685A00194472 /* Preview Assets.xcassets */ = {isa = PBXFileReference; lastKnownFileType = folder.assetcatalog; path = "Preview Assets.xcassets"; sourceTree = "<group>"; };
		32552EF3286D685A00194472 /* FoodOrderingAppTests.xctest */ = {isa = PBXFileReference; explicitFileType = wrapper.cfbundle; includeInIndex = 0; path = FoodOrderingAppTests.xctest; sourceTree = BUILT_PRODUCTS_DIR; };
		32552EF7286D685A00194472 /* FoodOrderingAppTests.swift */ = {isa = PBXFileReference; lastKnownFileType = sourcecode.swift; path = FoodOrderingAppTests.swift; sourceTree = "<group>"; };
		32552EFD286D685A00194472 /* FoodOrderingAppUITests.xctest */ = {isa = PBXFileReference; explicitFileType = wrapper.cfbundle; includeInIndex = 0; path = FoodOrderingAppUITests.xctest; sourceTree = BUILT_PRODUCTS_DIR; };
		32552F01286D685A00194472 /* FoodOrderingAppUITests.swift */ = {isa = PBXFileReference; lastKnownFileType = sourcecode.swift; path = FoodOrderingAppUITests.swift; sourceTree = "<group>"; };
		32552F03286D685A00194472 /* FoodOrderingAppUITestsLaunchTests.swift */ = {isa = PBXFileReference; lastKnownFileType = sourcecode.swift; path = FoodOrderingAppUITestsLaunchTests.swift; sourceTree = "<group>"; };
		32552F13286D68C200194472 /* Home.swift */ = {isa = PBXFileReference; lastKnownFileType = sourcecode.swift; path = Home.swift; sourceTree = "<group>"; };
		32552F15286D68D500194472 /* HomeViewModel.swift */ = {isa = PBXFileReference; lastKnownFileType = sourcecode.swift; path = HomeViewModel.swift; sourceTree = "<group>"; };
		32552F17286D9DEE00194472 /* Menu.swift */ = {isa = PBXFileReference; lastKnownFileType = sourcecode.swift; path = Menu.swift; sourceTree = "<group>"; };
		32552F19286DB0E800194472 /* GoogleService-Info.plist */ = {isa = PBXFileReference; fileEncoding = 4; lastKnownFileType = text.plist.xml; path = "GoogleService-Info.plist"; sourceTree = "<group>"; };
		32BFAC082872AF2100F1D40F /* Item.swift */ = {isa = PBXFileReference; lastKnownFileType = sourcecode.swift; path = Item.swift; sourceTree = "<group>"; };
		32BFAC0A2872B48F00F1D40F /* ItemView.swift */ = {isa = PBXFileReference; lastKnownFileType = sourcecode.swift; path = ItemView.swift; sourceTree = "<group>"; };
		32BFAC0F2874294C00F1D40F /* Cart.swift */ = {isa = PBXFileReference; lastKnownFileType = sourcecode.swift; path = Cart.swift; sourceTree = "<group>"; };
		32BFAC112874358D00F1D40F /* CartView.swift */ = {isa = PBXFileReference; lastKnownFileType = sourcecode.swift; path = CartView.swift; sourceTree = "<group>"; };
		37D39DAF0FEBB5F790822F4B /* Pods-FoodOrderingApp-FoodOrderingAppUITests.release.xcconfig */ = {isa = PBXFileReference; includeInIndex = 1; lastKnownFileType = text.xcconfig; name = "Pods-FoodOrderingApp-FoodOrderingAppUITests.release.xcconfig"; path = "Target Support Files/Pods-FoodOrderingApp-FoodOrderingAppUITests/Pods-FoodOrderingApp-FoodOrderingAppUITests.release.xcconfig"; sourceTree = "<group>"; };
		58777018ECC49F015A346FDB /* Pods-FoodOrderingApp.release.xcconfig */ = {isa = PBXFileReference; includeInIndex = 1; lastKnownFileType = text.xcconfig; name = "Pods-FoodOrderingApp.release.xcconfig"; path = "Target Support Files/Pods-FoodOrderingApp/Pods-FoodOrderingApp.release.xcconfig"; sourceTree = "<group>"; };
		6E12B34EC7B150D4CC309E0E /* Pods-FoodOrderingApp-FoodOrderingAppUITests.debug.xcconfig */ = {isa = PBXFileReference; includeInIndex = 1; lastKnownFileType = text.xcconfig; name = "Pods-FoodOrderingApp-FoodOrderingAppUITests.debug.xcconfig"; path = "Target Support Files/Pods-FoodOrderingApp-FoodOrderingAppUITests/Pods-FoodOrderingApp-FoodOrderingAppUITests.debug.xcconfig"; sourceTree = "<group>"; };
		7FD63E7EEEF31EC867FE299D /* Pods-FoodOrderingAppTests.release.xcconfig */ = {isa = PBXFileReference; includeInIndex = 1; lastKnownFileType = text.xcconfig; name = "Pods-FoodOrderingAppTests.release.xcconfig"; path = "Target Support Files/Pods-FoodOrderingAppTests/Pods-FoodOrderingAppTests.release.xcconfig"; sourceTree = "<group>"; };
		8A32E33010ECDD07C3BF60B1 /* Pods_FoodOrderingApp_FoodOrderingAppUITests.framework */ = {isa = PBXFileReference; explicitFileType = wrapper.framework; includeInIndex = 0; path = Pods_FoodOrderingApp_FoodOrderingAppUITests.framework; sourceTree = BUILT_PRODUCTS_DIR; };
		C9AA4A9A4CEC0FD40070F476 /* Pods_FoodOrderingAppTests.framework */ = {isa = PBXFileReference; explicitFileType = wrapper.framework; includeInIndex = 0; path = Pods_FoodOrderingAppTests.framework; sourceTree = BUILT_PRODUCTS_DIR; };
		E96FD862B37B57D9A66B1E5C /* Pods-FoodOrderingAppTests.debug.xcconfig */ = {isa = PBXFileReference; includeInIndex = 1; lastKnownFileType = text.xcconfig; name = "Pods-FoodOrderingAppTests.debug.xcconfig"; path = "Target Support Files/Pods-FoodOrderingAppTests/Pods-FoodOrderingAppTests.debug.xcconfig"; sourceTree = "<group>"; };
/* End PBXFileReference section */

/* Begin PBXFrameworksBuildPhase section */
		32552EE0286D685700194472 /* Frameworks */ = {
			isa = PBXFrameworksBuildPhase;
			buildActionMask = 2147483647;
			files = (
				32BFAC0E2872B64B00F1D40F /* SDWebImageSwiftUI in Frameworks */,
				D9244FD7E4550FDB5E3FE59D /* Pods_FoodOrderingApp.framework in Frameworks */,
			);
			runOnlyForDeploymentPostprocessing = 0;
		};
		32552EF0286D685A00194472 /* Frameworks */ = {
			isa = PBXFrameworksBuildPhase;
			buildActionMask = 2147483647;
			files = (
				A30B9FEC6EBA8CF6CAF7BD14 /* Pods_FoodOrderingAppTests.framework in Frameworks */,
			);
			runOnlyForDeploymentPostprocessing = 0;
		};
		32552EFA286D685A00194472 /* Frameworks */ = {
			isa = PBXFrameworksBuildPhase;
			buildActionMask = 2147483647;
			files = (
				935ED3B488FF24488F40511D /* Pods_FoodOrderingApp_FoodOrderingAppUITests.framework in Frameworks */,
			);
			runOnlyForDeploymentPostprocessing = 0;
		};
/* End PBXFrameworksBuildPhase section */

/* Begin PBXGroup section */
		32552EDA286D685700194472 = {
			isa = PBXGroup;
			children = (
				32552EE5286D685700194472 /* FoodOrderingApp */,
				32552EF6286D685A00194472 /* FoodOrderingAppTests */,
				32552F00286D685A00194472 /* FoodOrderingAppUITests */,
				32552EE4286D685700194472 /* Products */,
				8E36FFB8547E3CCFA5E1A64A /* Pods */,
				910B5536F3973FDACCA11DDF /* Frameworks */,
			);
			sourceTree = "<group>";
		};
		32552EE4286D685700194472 /* Products */ = {
			isa = PBXGroup;
			children = (
				32552EE3286D685700194472 /* FoodOrderingApp.app */,
				32552EF3286D685A00194472 /* FoodOrderingAppTests.xctest */,
				32552EFD286D685A00194472 /* FoodOrderingAppUITests.xctest */,
			);
			name = Products;
			sourceTree = "<group>";
		};
		32552EE5286D685700194472 /* FoodOrderingApp */ = {
			isa = PBXGroup;
			children = (
				32552F19286DB0E800194472 /* GoogleService-Info.plist */,
				32552F12286D68A500194472 /* ViewModel */,
				32552F11286D689F00194472 /* View */,
				32552F10286D689300194472 /* Model */,
				32552EE6286D685700194472 /* FoodOrderingAppApp.swift */,
				32552EE8286D685700194472 /* ContentView.swift */,
				32552EEA286D685A00194472 /* Assets.xcassets */,
				32552EEC286D685A00194472 /* Preview Content */,
			);
			path = FoodOrderingApp;
			sourceTree = "<group>";
		};
		32552EEC286D685A00194472 /* Preview Content */ = {
			isa = PBXGroup;
			children = (
				32552EED286D685A00194472 /* Preview Assets.xcassets */,
			);
			path = "Preview Content";
			sourceTree = "<group>";
		};
		32552EF6286D685A00194472 /* FoodOrderingAppTests */ = {
			isa = PBXGroup;
			children = (
				32552EF7286D685A00194472 /* FoodOrderingAppTests.swift */,
			);
			path = FoodOrderingAppTests;
			sourceTree = "<group>";
		};
		32552F00286D685A00194472 /* FoodOrderingAppUITests */ = {
			isa = PBXGroup;
			children = (
				32552F01286D685A00194472 /* FoodOrderingAppUITests.swift */,
				32552F03286D685A00194472 /* FoodOrderingAppUITestsLaunchTests.swift */,
			);
			path = FoodOrderingAppUITests;
			sourceTree = "<group>";
		};
		32552F10286D689300194472 /* Model */ = {
			isa = PBXGroup;
			children = (
				32BFAC082872AF2100F1D40F /* Item.swift */,
				32BFAC0F2874294C00F1D40F /* Cart.swift */,
			);
			path = Model;
			sourceTree = "<group>";
		};
		32552F11286D689F00194472 /* View */ = {
			isa = PBXGroup;
			children = (
				32552F13286D68C200194472 /* Home.swift */,
				32552F17286D9DEE00194472 /* Menu.swift */,
				32BFAC0A2872B48F00F1D40F /* ItemView.swift */,
				32BFAC112874358D00F1D40F /* CartView.swift */,
			);
			path = View;
			sourceTree = "<group>";
		};
		32552F12286D68A500194472 /* ViewModel */ = {
			isa = PBXGroup;
			children = (
				32552F15286D68D500194472 /* HomeViewModel.swift */,
			);
			path = ViewModel;
			sourceTree = "<group>";
		};
		8E36FFB8547E3CCFA5E1A64A /* Pods */ = {
			isa = PBXGroup;
			children = (
				0A9669882DD8A30D8416A197 /* Pods-FoodOrderingApp.debug.xcconfig */,
				58777018ECC49F015A346FDB /* Pods-FoodOrderingApp.release.xcconfig */,
				6E12B34EC7B150D4CC309E0E /* Pods-FoodOrderingApp-FoodOrderingAppUITests.debug.xcconfig */,
				37D39DAF0FEBB5F790822F4B /* Pods-FoodOrderingApp-FoodOrderingAppUITests.release.xcconfig */,
				E96FD862B37B57D9A66B1E5C /* Pods-FoodOrderingAppTests.debug.xcconfig */,
				7FD63E7EEEF31EC867FE299D /* Pods-FoodOrderingAppTests.release.xcconfig */,
			);
			path = Pods;
			sourceTree = "<group>";
		};
		910B5536F3973FDACCA11DDF /* Frameworks */ = {
			isa = PBXGroup;
			children = (
				0C37D5CCC4D53A099F748DFC /* Pods_FoodOrderingApp.framework */,
				8A32E33010ECDD07C3BF60B1 /* Pods_FoodOrderingApp_FoodOrderingAppUITests.framework */,
				C9AA4A9A4CEC0FD40070F476 /* Pods_FoodOrderingAppTests.framework */,
			);
			name = Frameworks;
			sourceTree = "<group>";
		};
/* End PBXGroup section */

/* Begin PBXNativeTarget section */
		32552EE2286D685700194472 /* FoodOrderingApp */ = {
			isa = PBXNativeTarget;
			buildConfigurationList = 32552F07286D685A00194472 /* Build configuration list for PBXNativeTarget "FoodOrderingApp" */;
			buildPhases = (
				525FED760433D466DB95B3A4 /* [CP] Check Pods Manifest.lock */,
				32552EDF286D685700194472 /* Sources */,
				32552EE0286D685700194472 /* Frameworks */,
				32552EE1286D685700194472 /* Resources */,
				82BE622823B96A509202C742 /* [CP] Embed Pods Frameworks */,
			);
			buildRules = (
			);
			dependencies = (
			);
			name = FoodOrderingApp;
			packageProductDependencies = (
				32BFAC0D2872B64B00F1D40F /* SDWebImageSwiftUI */,
			);
			productName = FoodOrderingApp;
			productReference = 32552EE3286D685700194472 /* FoodOrderingApp.app */;
			productType = "com.apple.product-type.application";
		};
		32552EF2286D685A00194472 /* FoodOrderingAppTests */ = {
			isa = PBXNativeTarget;
			buildConfigurationList = 32552F0A286D685A00194472 /* Build configuration list for PBXNativeTarget "FoodOrderingAppTests" */;
			buildPhases = (
				19C44C0862D76F193081ACFA /* [CP] Check Pods Manifest.lock */,
				32552EEF286D685A00194472 /* Sources */,
				32552EF0286D685A00194472 /* Frameworks */,
				32552EF1286D685A00194472 /* Resources */,
			);
			buildRules = (
			);
			dependencies = (
				32552EF5286D685A00194472 /* PBXTargetDependency */,
			);
			name = FoodOrderingAppTests;
			productName = FoodOrderingAppTests;
			productReference = 32552EF3286D685A00194472 /* FoodOrderingAppTests.xctest */;
			productType = "com.apple.product-type.bundle.unit-test";
		};
		32552EFC286D685A00194472 /* FoodOrderingAppUITests */ = {
			isa = PBXNativeTarget;
			buildConfigurationList = 32552F0D286D685A00194472 /* Build configuration list for PBXNativeTarget "FoodOrderingAppUITests" */;
			buildPhases = (
				399BCE40AE82BF0839FC4841 /* [CP] Check Pods Manifest.lock */,
				32552EF9286D685A00194472 /* Sources */,
				32552EFA286D685A00194472 /* Frameworks */,
				32552EFB286D685A00194472 /* Resources */,
				CD0F4B40660D2E388F59D22B /* [CP] Embed Pods Frameworks */,
			);
			buildRules = (
			);
			dependencies = (
				32552EFF286D685A00194472 /* PBXTargetDependency */,
			);
			name = FoodOrderingAppUITests;
			productName = FoodOrderingAppUITests;
			productReference = 32552EFD286D685A00194472 /* FoodOrderingAppUITests.xctest */;
			productType = "com.apple.product-type.bundle.ui-testing";
		};
/* End PBXNativeTarget section */

/* Begin PBXProject section */
		32552EDB286D685700194472 /* Project object */ = {
			isa = PBXProject;
			attributes = {
				BuildIndependentTargetsInParallel = 1;
				LastSwiftUpdateCheck = 1330;
				LastUpgradeCheck = 1330;
				TargetAttributes = {
					32552EE2286D685700194472 = {
						CreatedOnToolsVersion = 13.3.1;
					};
					32552EF2286D685A00194472 = {
						CreatedOnToolsVersion = 13.3.1;
						TestTargetID = 32552EE2286D685700194472;
					};
					32552EFC286D685A00194472 = {
						CreatedOnToolsVersion = 13.3.1;
						TestTargetID = 32552EE2286D685700194472;
					};
				};
			};
			buildConfigurationList = 32552EDE286D685700194472 /* Build configuration list for PBXProject "FoodOrderingApp" */;
			compatibilityVersion = "Xcode 13.0";
			developmentRegion = en;
			hasScannedForEncodings = 0;
			knownRegions = (
				en,
				Base,
			);
			mainGroup = 32552EDA286D685700194472;
			packageReferences = (
				32BFAC0C2872B64B00F1D40F /* XCRemoteSwiftPackageReference "SDWebImageSwiftUI" */,
			);
			productRefGroup = 32552EE4286D685700194472 /* Products */;
			projectDirPath = "";
			projectRoot = "";
			targets = (
				32552EE2286D685700194472 /* FoodOrderingApp */,
				32552EF2286D685A00194472 /* FoodOrderingAppTests */,
				32552EFC286D685A00194472 /* FoodOrderingAppUITests */,
			);
		};
/* End PBXProject section */

/* Begin PBXResourcesBuildPhase section */
		32552EE1286D685700194472 /* Resources */ = {
			isa = PBXResourcesBuildPhase;
			buildActionMask = 2147483647;
			files = (
				32552EEE286D685A00194472 /* Preview Assets.xcassets in Resources */,
				32552EEB286D685A00194472 /* Assets.xcassets in Resources */,
				32552F1A286DB0E800194472 /* GoogleService-Info.plist in Resources */,
			);
			runOnlyForDeploymentPostprocessing = 0;
		};
		32552EF1286D685A00194472 /* Resources */ = {
			isa = PBXResourcesBuildPhase;
			buildActionMask = 2147483647;
			files = (
			);
			runOnlyForDeploymentPostprocessing = 0;
		};
		32552EFB286D685A00194472 /* Resources */ = {
			isa = PBXResourcesBuildPhase;
			buildActionMask = 2147483647;
			files = (
			);
			runOnlyForDeploymentPostprocessing = 0;
		};
/* End PBXResourcesBuildPhase section */

/* Begin PBXShellScriptBuildPhase section */
		19C44C0862D76F193081ACFA /* [CP] Check Pods Manifest.lock */ = {
			isa = PBXShellScriptBuildPhase;
			buildActionMask = 2147483647;
			files = (
			);
			inputFileListPaths = (
			);
			inputPaths = (
				"${PODS_PODFILE_DIR_PATH}/Podfile.lock",
				"${PODS_ROOT}/Manifest.lock",
			);
			name = "[CP] Check Pods Manifest.lock";
			outputFileListPaths = (
			);
			outputPaths = (
				"$(DERIVED_FILE_DIR)/Pods-FoodOrderingAppTests-checkManifestLockResult.txt",
			);
			runOnlyForDeploymentPostprocessing = 0;
			shellPath = /bin/sh;
			shellScript = "diff \"${PODS_PODFILE_DIR_PATH}/Podfile.lock\" \"${PODS_ROOT}/Manifest.lock\" > /dev/null\nif [ $? != 0 ] ; then\n    # print error to STDERR\n    echo \"error: The sandbox is not in sync with the Podfile.lock. Run 'pod install' or update your CocoaPods installation.\" >&2\n    exit 1\nfi\n# This output is used by Xcode 'outputs' to avoid re-running this script phase.\necho \"SUCCESS\" > \"${SCRIPT_OUTPUT_FILE_0}\"\n";
			showEnvVarsInLog = 0;
		};
		399BCE40AE82BF0839FC4841 /* [CP] Check Pods Manifest.lock */ = {
			isa = PBXShellScriptBuildPhase;
			buildActionMask = 2147483647;
			files = (
			);
			inputFileListPaths = (
			);
			inputPaths = (
				"${PODS_PODFILE_DIR_PATH}/Podfile.lock",
				"${PODS_ROOT}/Manifest.lock",
			);
			name = "[CP] Check Pods Manifest.lock";
			outputFileListPaths = (
			);
			outputPaths = (
				"$(DERIVED_FILE_DIR)/Pods-FoodOrderingApp-FoodOrderingAppUITests-checkManifestLockResult.txt",
			);
			runOnlyForDeploymentPostprocessing = 0;
			shellPath = /bin/sh;
			shellScript = "diff \"${PODS_PODFILE_DIR_PATH}/Podfile.lock\" \"${PODS_ROOT}/Manifest.lock\" > /dev/null\nif [ $? != 0 ] ; then\n    # print error to STDERR\n    echo \"error: The sandbox is not in sync with the Podfile.lock. Run 'pod install' or update your CocoaPods installation.\" >&2\n    exit 1\nfi\n# This output is used by Xcode 'outputs' to avoid re-running this script phase.\necho \"SUCCESS\" > \"${SCRIPT_OUTPUT_FILE_0}\"\n";
			showEnvVarsInLog = 0;
		};
		525FED760433D466DB95B3A4 /* [CP] Check Pods Manifest.lock */ = {
			isa = PBXShellScriptBuildPhase;
			buildActionMask = 2147483647;
			files = (
			);
			inputFileListPaths = (
			);
			inputPaths = (
				"${PODS_PODFILE_DIR_PATH}/Podfile.lock",
				"${PODS_ROOT}/Manifest.lock",
			);
			name = "[CP] Check Pods Manifest.lock";
			outputFileListPaths = (
			);
			outputPaths = (
				"$(DERIVED_FILE_DIR)/Pods-FoodOrderingApp-checkManifestLockResult.txt",
			);
			runOnlyForDeploymentPostprocessing = 0;
			shellPath = /bin/sh;
			shellScript = "diff \"${PODS_PODFILE_DIR_PATH}/Podfile.lock\" \"${PODS_ROOT}/Manifest.lock\" > /dev/null\nif [ $? != 0 ] ; then\n    # print error to STDERR\n    echo \"error: The sandbox is not in sync with the Podfile.lock. Run 'pod install' or update your CocoaPods installation.\" >&2\n    exit 1\nfi\n# This output is used by Xcode 'outputs' to avoid re-running this script phase.\necho \"SUCCESS\" > \"${SCRIPT_OUTPUT_FILE_0}\"\n";
			showEnvVarsInLog = 0;
		};
		82BE622823B96A509202C742 /* [CP] Embed Pods Frameworks */ = {
			isa = PBXShellScriptBuildPhase;
			buildActionMask = 2147483647;
			files = (
			);
			inputFileListPaths = (
				"${PODS_ROOT}/Target Support Files/Pods-FoodOrderingApp/Pods-FoodOrderingApp-frameworks-${CONFIGURATION}-input-files.xcfilelist",
			);
			name = "[CP] Embed Pods Frameworks";
			outputFileListPaths = (
				"${PODS_ROOT}/Target Support Files/Pods-FoodOrderingApp/Pods-FoodOrderingApp-frameworks-${CONFIGURATION}-output-files.xcfilelist",
			);
			runOnlyForDeploymentPostprocessing = 0;
			shellPath = /bin/sh;
			shellScript = "\"${PODS_ROOT}/Target Support Files/Pods-FoodOrderingApp/Pods-FoodOrderingApp-frameworks.sh\"\n";
			showEnvVarsInLog = 0;
		};
		CD0F4B40660D2E388F59D22B /* [CP] Embed Pods Frameworks */ = {
			isa = PBXShellScriptBuildPhase;
			buildActionMask = 2147483647;
			files = (
			);
			inputFileListPaths = (
				"${PODS_ROOT}/Target Support Files/Pods-FoodOrderingApp-FoodOrderingAppUITests/Pods-FoodOrderingApp-FoodOrderingAppUITests-frameworks-${CONFIGURATION}-input-files.xcfilelist",
			);
			name = "[CP] Embed Pods Frameworks";
			outputFileListPaths = (
				"${PODS_ROOT}/Target Support Files/Pods-FoodOrderingApp-FoodOrderingAppUITests/Pods-FoodOrderingApp-FoodOrderingAppUITests-frameworks-${CONFIGURATION}-output-files.xcfilelist",
			);
			runOnlyForDeploymentPostprocessing = 0;
			shellPath = /bin/sh;
			shellScript = "\"${PODS_ROOT}/Target Support Files/Pods-FoodOrderingApp-FoodOrderingAppUITests/Pods-FoodOrderingApp-FoodOrderingAppUITests-frameworks.sh\"\n";
			showEnvVarsInLog = 0;
		};
/* End PBXShellScriptBuildPhase section */

/* Begin PBXSourcesBuildPhase section */
		32552EDF286D685700194472 /* Sources */ = {
			isa = PBXSourcesBuildPhase;
			buildActionMask = 2147483647;
			files = (
				32BFAC122874358D00F1D40F /* CartView.swift in Sources */,
				32552EE9286D685700194472 /* ContentView.swift in Sources */,
				32552F14286D68C200194472 /* Home.swift in Sources */,
				32552EE7286D685700194472 /* FoodOrderingAppApp.swift in Sources */,
				32552F16286D68D500194472 /* HomeViewModel.swift in Sources */,
				32BFAC0B2872B48F00F1D40F /* ItemView.swift in Sources */,
				32BFAC092872AF2100F1D40F /* Item.swift in Sources */,
				32552F18286D9DEE00194472 /* Menu.swift in Sources */,
				32BFAC102874294C00F1D40F /* Cart.swift in Sources */,
			);
			runOnlyForDeploymentPostprocessing = 0;
		};
		32552EEF286D685A00194472 /* Sources */ = {
			isa = PBXSourcesBuildPhase;
			buildActionMask = 2147483647;
			files = (
				32552EF8286D685A00194472 /* FoodOrderingAppTests.swift in Sources */,
			);
			runOnlyForDeploymentPostprocessing = 0;
		};
		32552EF9286D685A00194472 /* Sources */ = {
			isa = PBXSourcesBuildPhase;
			buildActionMask = 2147483647;
			files = (
				32552F04286D685A00194472 /* FoodOrderingAppUITestsLaunchTests.swift in Sources */,
				32552F02286D685A00194472 /* FoodOrderingAppUITests.swift in Sources */,
			);
			runOnlyForDeploymentPostprocessing = 0;
		};
/* End PBXSourcesBuildPhase section */

/* Begin PBXTargetDependency section */
		32552EF5286D685A00194472 /* PBXTargetDependency */ = {
			isa = PBXTargetDependency;
			target = 32552EE2286D685700194472 /* FoodOrderingApp */;
			targetProxy = 32552EF4286D685A00194472 /* PBXContainerItemProxy */;
		};
		32552EFF286D685A00194472 /* PBXTargetDependency */ = {
			isa = PBXTargetDependency;
			target = 32552EE2286D685700194472 /* FoodOrderingApp */;
			targetProxy = 32552EFE286D685A00194472 /* PBXContainerItemProxy */;
		};
/* End PBXTargetDependency section */

/* Begin XCBuildConfiguration section */
		32552F05286D685A00194472 /* Debug */ = {
			isa = XCBuildConfiguration;
			buildSettings = {
				ALWAYS_SEARCH_USER_PATHS = NO;
				CLANG_ANALYZER_NONNULL = YES;
				CLANG_ANALYZER_NUMBER_OBJECT_CONVERSION = YES_AGGRESSIVE;
				CLANG_CXX_LANGUAGE_STANDARD = "gnu++17";
				CLANG_ENABLE_MODULES = YES;
				CLANG_ENABLE_OBJC_ARC = YES;
				CLANG_ENABLE_OBJC_WEAK = YES;
				CLANG_WARN_BLOCK_CAPTURE_AUTORELEASING = YES;
				CLANG_WARN_BOOL_CONVERSION = YES;
				CLANG_WARN_COMMA = YES;
				CLANG_WARN_CONSTANT_CONVERSION = YES;
				CLANG_WARN_DEPRECATED_OBJC_IMPLEMENTATIONS = YES;
				CLANG_WARN_DIRECT_OBJC_ISA_USAGE = YES_ERROR;
				CLANG_WARN_DOCUMENTATION_COMMENTS = YES;
				CLANG_WARN_EMPTY_BODY = YES;
				CLANG_WARN_ENUM_CONVERSION = YES;
				CLANG_WARN_INFINITE_RECURSION = YES;
				CLANG_WARN_INT_CONVERSION = YES;
				CLANG_WARN_NON_LITERAL_NULL_CONVERSION = YES;
				CLANG_WARN_OBJC_IMPLICIT_RETAIN_SELF = YES;
				CLANG_WARN_OBJC_LITERAL_CONVERSION = YES;
				CLANG_WARN_OBJC_ROOT_CLASS = YES_ERROR;
				CLANG_WARN_QUOTED_INCLUDE_IN_FRAMEWORK_HEADER = YES;
				CLANG_WARN_RANGE_LOOP_ANALYSIS = YES;
				CLANG_WARN_STRICT_PROTOTYPES = YES;
				CLANG_WARN_SUSPICIOUS_MOVE = YES;
				CLANG_WARN_UNGUARDED_AVAILABILITY = YES_AGGRESSIVE;
				CLANG_WARN_UNREACHABLE_CODE = YES;
				CLANG_WARN__DUPLICATE_METHOD_MATCH = YES;
				COPY_PHASE_STRIP = NO;
				DEBUG_INFORMATION_FORMAT = dwarf;
				ENABLE_STRICT_OBJC_MSGSEND = YES;
				ENABLE_TESTABILITY = YES;
				GCC_C_LANGUAGE_STANDARD = gnu11;
				GCC_DYNAMIC_NO_PIC = NO;
				GCC_NO_COMMON_BLOCKS = YES;
				GCC_OPTIMIZATION_LEVEL = 0;
				GCC_PREPROCESSOR_DEFINITIONS = (
					"DEBUG=1",
					"$(inherited)",
				);
				GCC_WARN_64_TO_32_BIT_CONVERSION = YES;
				GCC_WARN_ABOUT_RETURN_TYPE = YES_ERROR;
				GCC_WARN_UNDECLARED_SELECTOR = YES;
				GCC_WARN_UNINITIALIZED_AUTOS = YES_AGGRESSIVE;
				GCC_WARN_UNUSED_FUNCTION = YES;
				GCC_WARN_UNUSED_VARIABLE = YES;
				IPHONEOS_DEPLOYMENT_TARGET = 15.4;
				MTL_ENABLE_DEBUG_INFO = INCLUDE_SOURCE;
				MTL_FAST_MATH = YES;
				ONLY_ACTIVE_ARCH = YES;
				SDKROOT = iphoneos;
				SWIFT_ACTIVE_COMPILATION_CONDITIONS = DEBUG;
				SWIFT_OPTIMIZATION_LEVEL = "-Onone";
			};
			name = Debug;
		};
		32552F06286D685A00194472 /* Release */ = {
			isa = XCBuildConfiguration;
			buildSettings = {
				ALWAYS_SEARCH_USER_PATHS = NO;
				CLANG_ANALYZER_NONNULL = YES;
				CLANG_ANALYZER_NUMBER_OBJECT_CONVERSION = YES_AGGRESSIVE;
				CLANG_CXX_LANGUAGE_STANDARD = "gnu++17";
				CLANG_ENABLE_MODULES = YES;
				CLANG_ENABLE_OBJC_ARC = YES;
				CLANG_ENABLE_OBJC_WEAK = YES;
				CLANG_WARN_BLOCK_CAPTURE_AUTORELEASING = YES;
				CLANG_WARN_BOOL_CONVERSION = YES;
				CLANG_WARN_COMMA = YES;
				CLANG_WARN_CONSTANT_CONVERSION = YES;
				CLANG_WARN_DEPRECATED_OBJC_IMPLEMENTATIONS = YES;
				CLANG_WARN_DIRECT_OBJC_ISA_USAGE = YES_ERROR;
				CLANG_WARN_DOCUMENTATION_COMMENTS = YES;
				CLANG_WARN_EMPTY_BODY = YES;
				CLANG_WARN_ENUM_CONVERSION = YES;
				CLANG_WARN_INFINITE_RECURSION = YES;
				CLANG_WARN_INT_CONVERSION = YES;
				CLANG_WARN_NON_LITERAL_NULL_CONVERSION = YES;
				CLANG_WARN_OBJC_IMPLICIT_RETAIN_SELF = YES;
				CLANG_WARN_OBJC_LITERAL_CONVERSION = YES;
				CLANG_WARN_OBJC_ROOT_CLASS = YES_ERROR;
				CLANG_WARN_QUOTED_INCLUDE_IN_FRAMEWORK_HEADER = YES;
				CLANG_WARN_RANGE_LOOP_ANALYSIS = YES;
				CLANG_WARN_STRICT_PROTOTYPES = YES;
				CLANG_WARN_SUSPICIOUS_MOVE = YES;
				CLANG_WARN_UNGUARDED_AVAILABILITY = YES_AGGRESSIVE;
				CLANG_WARN_UNREACHABLE_CODE = YES;
				CLANG_WARN__DUPLICATE_METHOD_MATCH = YES;
				COPY_PHASE_STRIP = NO;
				DEBUG_INFORMATION_FORMAT = "dwarf-with-dsym";
				ENABLE_NS_ASSERTIONS = NO;
				ENABLE_STRICT_OBJC_MSGSEND = YES;
				GCC_C_LANGUAGE_STANDARD = gnu11;
				GCC_NO_COMMON_BLOCKS = YES;
				GCC_WARN_64_TO_32_BIT_CONVERSION = YES;
				GCC_WARN_ABOUT_RETURN_TYPE = YES_ERROR;
				GCC_WARN_UNDECLARED_SELECTOR = YES;
				GCC_WARN_UNINITIALIZED_AUTOS = YES_AGGRESSIVE;
				GCC_WARN_UNUSED_FUNCTION = YES;
				GCC_WARN_UNUSED_VARIABLE = YES;
				IPHONEOS_DEPLOYMENT_TARGET = 15.4;
				MTL_ENABLE_DEBUG_INFO = NO;
				MTL_FAST_MATH = YES;
				SDKROOT = iphoneos;
				SWIFT_COMPILATION_MODE = wholemodule;
				SWIFT_OPTIMIZATION_LEVEL = "-O";
				VALIDATE_PRODUCT = YES;
			};
			name = Release;
		};
		32552F08286D685A00194472 /* Debug */ = {
			isa = XCBuildConfiguration;
			baseConfigurationReference = 0A9669882DD8A30D8416A197 /* Pods-FoodOrderingApp.debug.xcconfig */;
			buildSettings = {
				ASSETCATALOG_COMPILER_APPICON_NAME = AppIcon;
				ASSETCATALOG_COMPILER_GLOBAL_ACCENT_COLOR_NAME = AccentColor;
				CODE_SIGN_STYLE = Automatic;
				CURRENT_PROJECT_VERSION = 1;
				DEVELOPMENT_ASSET_PATHS = "\"FoodOrderingApp/Preview Content\"";
				ENABLE_PREVIEWS = YES;
				ENABLE_TESTING_SEARCH_PATHS = YES;
				GENERATE_INFOPLIST_FILE = YES;
				INFOPLIST_KEY_NSLocationWhenInUseUsageDescription = "Please Allow To Read Location For Delivery";
				INFOPLIST_KEY_UIApplicationSceneManifest_Generation = YES;
				INFOPLIST_KEY_UIApplicationSupportsIndirectInputEvents = YES;
				INFOPLIST_KEY_UILaunchScreen_Generation = YES;
				INFOPLIST_KEY_UISupportedInterfaceOrientations_iPad = "UIInterfaceOrientationPortrait UIInterfaceOrientationPortraitUpsideDown UIInterfaceOrientationLandscapeLeft UIInterfaceOrientationLandscapeRight";
				INFOPLIST_KEY_UISupportedInterfaceOrientations_iPhone = "UIInterfaceOrientationPortrait UIInterfaceOrientationLandscapeLeft UIInterfaceOrientationLandscapeRight";
				LD_RUNPATH_SEARCH_PATHS = (
					"$(inherited)",
					"@executable_path/Frameworks",
				);
				MARKETING_VERSION = 1.0;
				NEW_SETTING = "";
				PRODUCT_BUNDLE_IDENTIFIER = SadmanAdib.FoodOrderingApp;
				PRODUCT_NAME = "$(TARGET_NAME)";
				SWIFT_EMIT_LOC_STRINGS = YES;
				SWIFT_VERSION = 5.0;
				TARGETED_DEVICE_FAMILY = "1,2";
			};
			name = Debug;
		};
		32552F09286D685A00194472 /* Release */ = {
			isa = XCBuildConfiguration;
			baseConfigurationReference = 58777018ECC49F015A346FDB /* Pods-FoodOrderingApp.release.xcconfig */;
			buildSettings = {
				ASSETCATALOG_COMPILER_APPICON_NAME = AppIcon;
				ASSETCATALOG_COMPILER_GLOBAL_ACCENT_COLOR_NAME = AccentColor;
				CODE_SIGN_STYLE = Automatic;
				CURRENT_PROJECT_VERSION = 1;
				DEVELOPMENT_ASSET_PATHS = "\"FoodOrderingApp/Preview Content\"";
				ENABLE_PREVIEWS = YES;
				ENABLE_TESTING_SEARCH_PATHS = YES;
				GENERATE_INFOPLIST_FILE = YES;
				INFOPLIST_KEY_NSLocationWhenInUseUsageDescription = "Please Allow To Read Location For Delivery";
				INFOPLIST_KEY_UIApplicationSceneManifest_Generation = YES;
				INFOPLIST_KEY_UIApplicationSupportsIndirectInputEvents = YES;
				INFOPLIST_KEY_UILaunchScreen_Generation = YES;
				INFOPLIST_KEY_UISupportedInterfaceOrientations_iPad = "UIInterfaceOrientationPortrait UIInterfaceOrientationPortraitUpsideDown UIInterfaceOrientationLandscapeLeft UIInterfaceOrientationLandscapeRight";
				INFOPLIST_KEY_UISupportedInterfaceOrientations_iPhone = "UIInterfaceOrientationPortrait UIInterfaceOrientationLandscapeLeft UIInterfaceOrientationLandscapeRight";
				LD_RUNPATH_SEARCH_PATHS = (
					"$(inherited)",
					"@executable_path/Frameworks",
				);
				MARKETING_VERSION = 1.0;
				NEW_SETTING = "";
				PRODUCT_BUNDLE_IDENTIFIER = SadmanAdib.FoodOrderingApp;
				PRODUCT_NAME = "$(TARGET_NAME)";
				SWIFT_EMIT_LOC_STRINGS = YES;
				SWIFT_VERSION = 5.0;
				TARGETED_DEVICE_FAMILY = "1,2";
			};
			name = Release;
		};
		32552F0B286D685A00194472 /* Debug */ = {
			isa = XCBuildConfiguration;
			baseConfigurationReference = E96FD862B37B57D9A66B1E5C /* Pods-FoodOrderingAppTests.debug.xcconfig */;
			buildSettings = {
				ALWAYS_EMBED_SWIFT_STANDARD_LIBRARIES = YES;
				BUNDLE_LOADER = "$(TEST_HOST)";
				CODE_SIGN_STYLE = Automatic;
				CURRENT_PROJECT_VERSION = 1;
				GENERATE_INFOPLIST_FILE = YES;
				IPHONEOS_DEPLOYMENT_TARGET = 15.4;
				MARKETING_VERSION = 1.0;
				PRODUCT_BUNDLE_IDENTIFIER = SadmanAdib.FoodOrderingAppTests;
				PRODUCT_NAME = "$(TARGET_NAME)";
				SWIFT_EMIT_LOC_STRINGS = NO;
				SWIFT_VERSION = 5.0;
				TARGETED_DEVICE_FAMILY = "1,2";
				TEST_HOST = "$(BUILT_PRODUCTS_DIR)/FoodOrderingApp.app/FoodOrderingApp";
			};
			name = Debug;
		};
		32552F0C286D685A00194472 /* Release */ = {
			isa = XCBuildConfiguration;
			baseConfigurationReference = 7FD63E7EEEF31EC867FE299D /* Pods-FoodOrderingAppTests.release.xcconfig */;
			buildSettings = {
				ALWAYS_EMBED_SWIFT_STANDARD_LIBRARIES = YES;
				BUNDLE_LOADER = "$(TEST_HOST)";
				CODE_SIGN_STYLE = Automatic;
				CURRENT_PROJECT_VERSION = 1;
				GENERATE_INFOPLIST_FILE = YES;
				IPHONEOS_DEPLOYMENT_TARGET = 15.4;
				MARKETING_VERSION = 1.0;
				PRODUCT_BUNDLE_IDENTIFIER = SadmanAdib.FoodOrderingAppTests;
				PRODUCT_NAME = "$(TARGET_NAME)";
				SWIFT_EMIT_LOC_STRINGS = NO;
				SWIFT_VERSION = 5.0;
				TARGETED_DEVICE_FAMILY = "1,2";
				TEST_HOST = "$(BUILT_PRODUCTS_DIR)/FoodOrderingApp.app/FoodOrderingApp";
			};
			name = Release;
		};
		32552F0E286D685A00194472 /* Debug */ = {
			isa = XCBuildConfiguration;
			baseConfigurationReference = 6E12B34EC7B150D4CC309E0E /* Pods-FoodOrderingApp-FoodOrderingAppUITests.debug.xcconfig */;
			buildSettings = {
				ALWAYS_EMBED_SWIFT_STANDARD_LIBRARIES = YES;
				CODE_SIGN_STYLE = Automatic;
				CURRENT_PROJECT_VERSION = 1;
				GENERATE_INFOPLIST_FILE = YES;
				MARKETING_VERSION = 1.0;
				PRODUCT_BUNDLE_IDENTIFIER = SadmanAdib.FoodOrderingAppUITests;
				PRODUCT_NAME = "$(TARGET_NAME)";
				SWIFT_EMIT_LOC_STRINGS = NO;
				SWIFT_VERSION = 5.0;
				TARGETED_DEVICE_FAMILY = "1,2";
				TEST_TARGET_NAME = FoodOrderingApp;
			};
			name = Debug;
		};
		32552F0F286D685A00194472 /* Release */ = {
			isa = XCBuildConfiguration;
			baseConfigurationReference = 37D39DAF0FEBB5F790822F4B /* Pods-FoodOrderingApp-FoodOrderingAppUITests.release.xcconfig */;
			buildSettings = {
				ALWAYS_EMBED_SWIFT_STANDARD_LIBRARIES = YES;
				CODE_SIGN_STYLE = Automatic;
				CURRENT_PROJECT_VERSION = 1;
				GENERATE_INFOPLIST_FILE = YES;
				MARKETING_VERSION = 1.0;
				PRODUCT_BUNDLE_IDENTIFIER = SadmanAdib.FoodOrderingAppUITests;
				PRODUCT_NAME = "$(TARGET_NAME)";
				SWIFT_EMIT_LOC_STRINGS = NO;
				SWIFT_VERSION = 5.0;
				TARGETED_DEVICE_FAMILY = "1,2";
				TEST_TARGET_NAME = FoodOrderingApp;
			};
			name = Release;
		};
/* End XCBuildConfiguration section */

/* Begin XCConfigurationList section */
		32552EDE286D685700194472 /* Build configuration list for PBXProject "FoodOrderingApp" */ = {
			isa = XCConfigurationList;
			buildConfigurations = (
				32552F05286D685A00194472 /* Debug */,
				32552F06286D685A00194472 /* Release */,
			);
			defaultConfigurationIsVisible = 0;
			defaultConfigurationName = Release;
		};
		32552F07286D685A00194472 /* Build configuration list for PBXNativeTarget "FoodOrderingApp" */ = {
			isa = XCConfigurationList;
			buildConfigurations = (
				32552F08286D685A00194472 /* Debug */,
				32552F09286D685A00194472 /* Release */,
			);
			defaultConfigurationIsVisible = 0;
			defaultConfigurationName = Release;
		};
		32552F0A286D685A00194472 /* Build configuration list for PBXNativeTarget "FoodOrderingAppTests" */ = {
			isa = XCConfigurationList;
			buildConfigurations = (
				32552F0B286D685A00194472 /* Debug */,
				32552F0C286D685A00194472 /* Release */,
			);
			defaultConfigurationIsVisible = 0;
			defaultConfigurationName = Release;
		};
		32552F0D286D685A00194472 /* Build configuration list for PBXNativeTarget "FoodOrderingAppUITests" */ = {
			isa = XCConfigurationList;
			buildConfigurations = (
				32552F0E286D685A00194472 /* Debug */,
				32552F0F286D685A00194472 /* Release */,
			);
			defaultConfigurationIsVisible = 0;
			defaultConfigurationName = Release;
		};
/* End XCConfigurationList section */

/* Begin XCRemoteSwiftPackageReference section */
		32BFAC0C2872B64B00F1D40F /* XCRemoteSwiftPackageReference "SDWebImageSwiftUI" */ = {
			isa = XCRemoteSwiftPackageReference;
			repositoryURL = "https://github.com/SDWebImage/SDWebImageSwiftUI.git";
			requirement = {
				kind = upToNextMajorVersion;
				minimumVersion = 2.0.0;
			};
		};
/* End XCRemoteSwiftPackageReference section */

/* Begin XCSwiftPackageProductDependency section */
		32BFAC0D2872B64B00F1D40F /* SDWebImageSwiftUI */ = {
			isa = XCSwiftPackageProductDependency;
			package = 32BFAC0C2872B64B00F1D40F /* XCRemoteSwiftPackageReference "SDWebImageSwiftUI" */;
			productName = SDWebImageSwiftUI;
		};
/* End XCSwiftPackageProductDependency section */
	};
	rootObject = 32552EDB286D685700194472 /* Project object */;
}
