// !$*UTF8*$!
{
	archiveVersion = 1;
	classes = {
	};
	objectVersion = 55;
	objects = {

/* Begin PBXBuildFile section */
		32552EE7286D685700194472 /* FoodOrderingAppApp.swift in Sources */ = {isa = PBXBuildFile; fileRef = 32552EE6286D685700194472 /* FoodOrderingAppApp.swift */; };
		32552EE9286D685700194472 /* ContentView.swift in Sources */ = {isa = PBXBuildFile; fileRef = 32552EE8286D685700194472 /* ContentView.swift */; };
		32552EEB286D685A00194472 /* Assets.xcassets in Resources */ = {isa = PBXBuildFile; fileRef = 32552EEA286D685A00194472 /* Assets.xcassets */; };
		32552EEE286D685A00194472 /* Preview Assets.xcassets in Resources */ = {isa = PBXBuildFile; fileRef = 32552EED286D685A00194472 /* Preview Assets.xcassets */; };
		32552EF8286D685A00194472 /* FoodOrderingAppTests.swift in Sources */ = {isa = PBXBuildFile; fileRef = 32552EF7286D685A00194472 /* FoodOrderingAppTests.swift */; };
		32552F02286D685A00194472 /* FoodOrderingAppUITests.swift in Sources */ = {isa = PBXBuildFile; fileRef = 32552F01286D685A00194472 /* FoodOrderingAppUITests.swift */; };
		32552F04286D685A00194472 /* FoodOrderingAppUITestsLaunchTests.swift in Sources */ = {isa = PBXBuildFile; fileRef = 32552F03286D685A00194472 /* FoodOrderingAppUITestsLaunchTests.swift */; };
		32552F14286D68C200194472 /* Home.swift in Sources */ = {isa = PBXBuildFile; fileRef = 32552F13286D68C200194472 /* Home.swift */; };
		32552F16286D68D500194472 /* HomeViewModel.swift in Sources */ = {isa = PBXBuildFile; fileRef = 32552F15286D68D500194472 /* HomeViewModel.swift */; };
/* End PBXBuildFile section */

/* Begin PBXContainerItemProxy section */
		32552EF4286D685A00194472 /* PBXContainerItemProxy */ = {
			isa = PBXContainerItemProxy;
			containerPortal = 32552EDB286D685700194472 /* Project object */;
			proxyType = 1;
			remoteGlobalIDString = 32552EE2286D685700194472;
			remoteInfo = FoodOrderingApp;
		};
		32552EFE286D685A00194472 /* PBXContainerItemProxy */ = {
			isa = PBXContainerItemProxy;
			containerPortal = 32552EDB286D685700194472 /* Project object */;
			proxyType = 1;
			remoteGlobalIDString = 32552EE2286D685700194472;
			remoteInfo = FoodOrderingApp;
		};
/* End PBXContainerItemProxy section */

/* Begin PBXFileReference section */
		32552EE3286D685700194472 /* FoodOrderingApp.app */ = {isa = PBXFileReference; explicitFileType = wrapper.application; includeInIndex = 0; path = FoodOrderingApp.app; sourceTree = BUILT_PRODUCTS_DIR; };
		32552EE6286D685700194472 /* FoodOrderingAppApp.swift */ = {isa = PBXFileReference; lastKnownFileType = sourcecode.swift; path = FoodOrderingAppApp.swift; sourceTree = "<group>"; };
		32552EE8286D685700194472 /* ContentView.swift */ = {isa = PBXFileReference; lastKnownFileType = sourcecode.swift; path = ContentView.swift; sourceTree = "<group>"; };
		32552EEA286D685A00194472 /* Assets.xcassets */ = {isa = PBXFileReference; lastKnownFileType = folder.assetcatalog; path = Assets.xcassets; sourceTree = "<group>"; };
		32552EED286D685A00194472 /* Preview Assets.xcassets */ = {isa = PBXFileReference; lastKnownFileType = folder.assetcatalog; path = "Preview Assets.xcassets"; sourceTree = "<group>"; };
		32552EF3286D685A00194472 /* FoodOrderingAppTests.xctest */ = {isa = PBXFileReference; explicitFileType = wrapper.cfbundle; includeInIndex = 0; path = FoodOrderingAppTests.xctest; sourceTree = BUILT_PRODUCTS_DIR; };
		32552EF7286D685A00194472 /* FoodOrderingAppTests.swift */ = {isa = PBXFileReference; lastKnownFileType = sourcecode.swift; path = FoodOrderingAppTests.swift; sourceTree = "<group>"; };
		32552EFD286D685A00194472 /* FoodOrderingAppUITests.xctest */ = {isa = PBXFileReference; explicitFileType = wrapper.cfbundle; includeInIndex = 0; path = FoodOrderingAppUITests.xctest; sourceTree = BUILT_PRODUCTS_DIR; };
		32552F01286D685A00194472 /* FoodOrderingAppUITests.swift */ = {isa = PBXFileReference; lastKnownFileType = sourcecode.swift; path = FoodOrderingAppUITests.swift; sourceTree = "<group>"; };
		32552F03286D685A00194472 /* FoodOrderingAppUITestsLaunchTests.swift */ = {isa = PBXFileReference; lastKnownFileType = sourcecode.swift; path = FoodOrderingAppUITestsLaunchTests.swift; sourceTree = "<group>"; };
		32552F13286D68C200194472 /* Home.swift */ = {isa = PBXFileReference; lastKnownFileType = sourcecode.swift; path = Home.swift; sourceTree = "<group>"; };
		32552F15286D68D500194472 /* HomeViewModel.swift */ = {isa = PBXFileReference; lastKnownFileType = sourcecode.swift; path = HomeViewModel.swift; sourceTree = "<group>"; };
/* End PBXFileReference section */

/* Begin PBXFrameworksBuildPhase section */
		32552EE0286D685700194472 /* Frameworks */ = {
			isa = PBXFrameworksBuildPhase;
			buildActionMask = 2147483647;
			files = (
			);
			runOnlyForDeploymentPostprocessing = 0;
		};
		32552EF0286D685A00194472 /* Frameworks */ = {
			isa = PBXFrameworksBuildPhase;
			buildActionMask = 2147483647;
			files = (
			);
			runOnlyForDeploymentPostprocessing = 0;
		};
		32552EFA286D685A00194472 /* Frameworks */ = {
			isa = PBXFrameworksBuildPhase;
			buildActionMask = 2147483647;
			files = (
			);
			runOnlyForDeploymentPostprocessing = 0;
		};
/* End PBXFrameworksBuildPhase section */

/* Begin PBXGroup section */
		32552EDA286D685700194472 = {
			isa = PBXGroup;
			children = (
				32552EE5286D685700194472 /* FoodOrderingApp */,
				32552EF6286D685A00194472 /* FoodOrderingAppTests */,
				32552F00286D685A00194472 /* FoodOrderingAppUITests */,
				32552EE4286D685700194472 /* Products */,
			);
			sourceTree = "<group>";
		};
		32552EE4286D685700194472 /* Products */ = {
			isa = PBXGroup;
			children = (
				32552EE3286D685700194472 /* FoodOrderingApp.app */,
				32552EF3286D685A00194472 /* FoodOrderingAppTests.xctest */,
				32552EFD286D685A00194472 /* FoodOrderingAppUITests.xctest */,
			);
			name = Products;
			sourceTree = "<group>";
		};
		32552EE5286D685700194472 /* FoodOrderingApp */ = {
			isa = PBXGroup;
			children = (
				32552F12286D68A500194472 /* ViewModel */,
				32552F11286D689F00194472 /* View */,
				32552F10286D689300194472 /* Model */,
				32552EE6286D685700194472 /* FoodOrderingAppApp.swift */,
				32552EE8286D685700194472 /* ContentView.swift */,
				32552EEA286D685A00194472 /* Assets.xcassets */,
				32552EEC286D685A00194472 /* Preview Content */,
			);
			path = FoodOrderingApp;
			sourceTree = "<group>";
		};
		32552EEC286D685A00194472 /* Preview Content */ = {
			isa = PBXGroup;
			children = (
				32552EED286D685A00194472 /* Preview Assets.xcassets */,
			);
			path = "Preview Content";
			sourceTree = "<group>";
		};
		32552EF6286D685A00194472 /* FoodOrderingAppTests */ = {
			isa = PBXGroup;
			children = (
				32552EF7286D685A00194472 /* FoodOrderingAppTests.swift */,
			);
			path = FoodOrderingAppTests;
			sourceTree = "<group>";
		};
		32552F00286D685A00194472 /* FoodOrderingAppUITests */ = {
			isa = PBXGroup;
			children = (
				32552F01286D685A00194472 /* FoodOrderingAppUITests.swift */,
				32552F03286D685A00194472 /* FoodOrderingAppUITestsLaunchTests.swift */,
			);
			path = FoodOrderingAppUITests;
			sourceTree = "<group>";
		};
		32552F10286D689300194472 /* Model */ = {
			isa = PBXGroup;
			children = (
			);
			path = Model;
			sourceTree = "<group>";
		};
		32552F11286D689F00194472 /* View */ = {
			isa = PBXGroup;
			children = (
				32552F13286D68C200194472 /* Home.swift */,
			);
			path = View;
			sourceTree = "<group>";
		};
		32552F12286D68A500194472 /* ViewModel */ = {
			isa = PBXGroup;
			children = (
				32552F15286D68D500194472 /* HomeViewModel.swift */,
			);
			path = ViewModel;
			sourceTree = "<group>";
		};
/* End PBXGroup section */

/* Begin PBXNativeTarget section */
		32552EE2286D685700194472 /* FoodOrderingApp */ = {
			isa = PBXNativeTarget;
			buildConfigurationList = 32552F07286D685A00194472 /* Build configuration list for PBXNativeTarget "FoodOrderingApp" */;
			buildPhases = (
				32552EDF286D685700194472 /* Sources */,
				32552EE0286D685700194472 /* Frameworks */,
				32552EE1286D685700194472 /* Resources */,
			);
			buildRules = (
			);
			dependencies = (
			);
			name = FoodOrderingApp;
			productName = FoodOrderingApp;
			productReference = 32552EE3286D685700194472 /* FoodOrderingApp.app */;
			productType = "com.apple.product-type.application";
		};
		32552EF2286D685A00194472 /* FoodOrderingAppTests */ = {
			isa = PBXNativeTarget;
			buildConfigurationList = 32552F0A286D685A00194472 /* Build configuration list for PBXNativeTarget "FoodOrderingAppTests" */;
			buildPhases = (
				32552EEF286D685A00194472 /* Sources */,
				32552EF0286D685A00194472 /* Frameworks */,
				32552EF1286D685A00194472 /* Resources */,
			);
			buildRules = (
			);
			dependencies = (
				32552EF5286D685A00194472 /* PBXTargetDependency */,
			);
			name = FoodOrderingAppTests;
			productName = FoodOrderingAppTests;
			productReference = 32552EF3286D685A00194472 /* FoodOrderingAppTests.xctest */;
			productType = "com.apple.product-type.bundle.unit-test";
		};
		32552EFC286D685A00194472 /* FoodOrderingAppUITests */ = {
			isa = PBXNativeTarget;
			buildConfigurationList = 32552F0D286D685A00194472 /* Build configuration list for PBXNativeTarget "FoodOrderingAppUITests" */;
			buildPhases = (
				32552EF9286D685A00194472 /* Sources */,
				32552EFA286D685A00194472 /* Frameworks */,
				32552EFB286D685A00194472 /* Resources */,
			);
			buildRules = (
			);
			dependencies = (
				32552EFF286D685A00194472 /* PBXTargetDependency */,
			);
			name = FoodOrderingAppUITests;
			productName = FoodOrderingAppUITests;
			productReference = 32552EFD286D685A00194472 /* FoodOrderingAppUITests.xctest */;
			productType = "com.apple.product-type.bundle.ui-testing";
		};
/* End PBXNativeTarget section */

/* Begin PBXProject section */
		32552EDB286D685700194472 /* Project object */ = {
			isa = PBXProject;
			attributes = {
				BuildIndependentTargetsInParallel = 1;
				LastSwiftUpdateCheck = 1330;
				LastUpgradeCheck = 1330;
				TargetAttributes = {
					32552EE2286D685700194472 = {
						CreatedOnToolsVersion = 13.3.1;
					};
					32552EF2286D685A00194472 = {
						CreatedOnToolsVersion = 13.3.1;
						TestTargetID = 32552EE2286D685700194472;
					};
					32552EFC286D685A00194472 = {
						CreatedOnToolsVersion = 13.3.1;
						TestTargetID = 32552EE2286D685700194472;
					};
				};
			};
			buildConfigurationList = 32552EDE286D685700194472 /* Build configuration list for PBXProject "FoodOrderingApp" */;
			compatibilityVersion = "Xcode 13.0";
			developmentRegion = en;
			hasScannedForEncodings = 0;
			knownRegions = (
				en,
				Base,
			);
			mainGroup = 32552EDA286D685700194472;
			productRefGroup = 32552EE4286D685700194472 /* Products */;
			projectDirPath = "";
			projectRoot = "";
			targets = (
				32552EE2286D685700194472 /* FoodOrderingApp */,
				32552EF2286D685A00194472 /* FoodOrderingAppTests */,
				32552EFC286D685A00194472 /* FoodOrderingAppUITests */,
			);
		};
/* End PBXProject section */

/* Begin PBXResourcesBuildPhase section */
		32552EE1286D685700194472 /* Resources */ = {
			isa = PBXResourcesBuildPhase;
			buildActionMask = 2147483647;
			files = (
				32552EEE286D685A00194472 /* Preview Assets.xcassets in Resources */,
				32552EEB286D685A00194472 /* Assets.xcassets in Resources */,
			);
			runOnlyForDeploymentPostprocessing = 0;
		};
		32552EF1286D685A00194472 /* Resources */ = {
			isa = PBXResourcesBuildPhase;
			buildActionMask = 2147483647;
			files = (
			);
			runOnlyForDeploymentPostprocessing = 0;
		};
		32552EFB286D685A00194472 /* Resources */ = {
			isa = PBXResourcesBuildPhase;
			buildActionMask = 2147483647;
			files = (
			);
			runOnlyForDeploymentPostprocessing = 0;
		};
/* End PBXResourcesBuildPhase section */

/* Begin PBXSourcesBuildPhase section */
		32552EDF286D685700194472 /* Sources */ = {
			isa = PBXSourcesBuildPhase;
			buildActionMask = 2147483647;
			files = (
				32552EE9286D685700194472 /* ContentView.swift in Sources */,
				32552F14286D68C200194472 /* Home.swift in Sources */,
				32552EE7286D685700194472 /* FoodOrderingAppApp.swift in Sources */,
				32552F16286D68D500194472 /* HomeViewModel.swift in Sources */,
			);
			runOnlyForDeploymentPostprocessing = 0;
		};
		32552EEF286D685A00194472 /* Sources */ = {
			isa = PBXSourcesBuildPhase;
			buildActionMask = 2147483647;
			files = (
				32552EF8286D685A00194472 /* FoodOrderingAppTests.swift in Sources */,
			);
			runOnlyForDeploymentPostprocessing = 0;
		};
		32552EF9286D685A00194472 /* Sources */ = {
			isa = PBXSourcesBuildPhase;
			buildActionMask = 2147483647;
			files = (
				32552F04286D685A00194472 /* FoodOrderingAppUITestsLaunchTests.swift in Sources */,
				32552F02286D685A00194472 /* FoodOrderingAppUITests.swift in Sources */,
			);
			runOnlyForDeploymentPostprocessing = 0;
		};
/* End PBXSourcesBuildPhase section */

/* Begin PBXTargetDependency section */
		32552EF5286D685A00194472 /* PBXTargetDependency */ = {
			isa = PBXTargetDependency;
			target = 32552EE2286D685700194472 /* FoodOrderingApp */;
			targetProxy = 32552EF4286D685A00194472 /* PBXContainerItemProxy */;
		};
		32552EFF286D685A00194472 /* PBXTargetDependency */ = {
			isa = PBXTargetDependency;
			target = 32552EE2286D685700194472 /* FoodOrderingApp */;
			targetProxy = 32552EFE286D685A00194472 /* PBXContainerItemProxy */;
		};
/* End PBXTargetDependency section */

/* Begin XCBuildConfiguration section */
		32552F05286D685A00194472 /* Debug */ = {
			isa = XCBuildConfiguration;
			buildSettings = {
				ALWAYS_SEARCH_USER_PATHS = NO;
				CLANG_ANALYZER_NONNULL = YES;
				CLANG_ANALYZER_NUMBER_OBJECT_CONVERSION = YES_AGGRESSIVE;
				CLANG_CXX_LANGUAGE_STANDARD = "gnu++17";
				CLANG_ENABLE_MODULES = YES;
				CLANG_ENABLE_OBJC_ARC = YES;
				CLANG_ENABLE_OBJC_WEAK = YES;
				CLANG_WARN_BLOCK_CAPTURE_AUTORELEASING = YES;
				CLANG_WARN_BOOL_CONVERSION = YES;
				CLANG_WARN_COMMA = YES;
				CLANG_WARN_CONSTANT_CONVERSION = YES;
				CLANG_WARN_DEPRECATED_OBJC_IMPLEMENTATIONS = YES;
				CLANG_WARN_DIRECT_OBJC_ISA_USAGE = YES_ERROR;
				CLANG_WARN_DOCUMENTATION_COMMENTS = YES;
				CLANG_WARN_EMPTY_BODY = YES;
				CLANG_WARN_ENUM_CONVERSION = YES;
				CLANG_WARN_INFINITE_RECURSION = YES;
				CLANG_WARN_INT_CONVERSION = YES;
				CLANG_WARN_NON_LITERAL_NULL_CONVERSION = YES;
				CLANG_WARN_OBJC_IMPLICIT_RETAIN_SELF = YES;
				CLANG_WARN_OBJC_LITERAL_CONVERSION = YES;
				CLANG_WARN_OBJC_ROOT_CLASS = YES_ERROR;
				CLANG_WARN_QUOTED_INCLUDE_IN_FRAMEWORK_HEADER = YES;
				CLANG_WARN_RANGE_LOOP_ANALYSIS = YES;
				CLANG_WARN_STRICT_PROTOTYPES = YES;
				CLANG_WARN_SUSPICIOUS_MOVE = YES;
				CLANG_WARN_UNGUARDED_AVAILABILITY = YES_AGGRESSIVE;
				CLANG_WARN_UNREACHABLE_CODE = YES;
				CLANG_WARN__DUPLICATE_METHOD_MATCH = YES;
				COPY_PHASE_STRIP = NO;
				DEBUG_INFORMATION_FORMAT = dwarf;
				ENABLE_STRICT_OBJC_MSGSEND = YES;
				ENABLE_TESTABILITY = YES;
				GCC_C_LANGUAGE_STANDARD = gnu11;
				GCC_DYNAMIC_NO_PIC = NO;
				GCC_NO_COMMON_BLOCKS = YES;
				GCC_OPTIMIZATION_LEVEL = 0;
				GCC_PREPROCESSOR_DEFINITIONS = (
					"DEBUG=1",
					"$(inherited)",
				);
				GCC_WARN_64_TO_32_BIT_CONVERSION = YES;
				GCC_WARN_ABOUT_RETURN_TYPE = YES_ERROR;
				GCC_WARN_UNDECLARED_SELECTOR = YES;
				GCC_WARN_UNINITIALIZED_AUTOS = YES_AGGRESSIVE;
				GCC_WARN_UNUSED_FUNCTION = YES;
				GCC_WARN_UNUSED_VARIABLE = YES;
				IPHONEOS_DEPLOYMENT_TARGET = 15.4;
				MTL_ENABLE_DEBUG_INFO = INCLUDE_SOURCE;
				MTL_FAST_MATH = YES;
				ONLY_ACTIVE_ARCH = YES;
				SDKROOT = iphoneos;
				SWIFT_ACTIVE_COMPILATION_CONDITIONS = DEBUG;
				SWIFT_OPTIMIZATION_LEVEL = "-Onone";
			};
			name = Debug;
		};
		32552F06286D685A00194472 /* Release */ = {
			isa = XCBuildConfiguration;
			buildSettings = {
				ALWAYS_SEARCH_USER_PATHS = NO;
				CLANG_ANALYZER_NONNULL = YES;
				CLANG_ANALYZER_NUMBER_OBJECT_CONVERSION = YES_AGGRESSIVE;
				CLANG_CXX_LANGUAGE_STANDARD = "gnu++17";
				CLANG_ENABLE_MODULES = YES;
				CLANG_ENABLE_OBJC_ARC = YES;
				CLANG_ENABLE_OBJC_WEAK = YES;
				CLANG_WARN_BLOCK_CAPTURE_AUTORELEASING = YES;
				CLANG_WARN_BOOL_CONVERSION = YES;
				CLANG_WARN_COMMA = YES;
				CLANG_WARN_CONSTANT_CONVERSION = YES;
				CLANG_WARN_DEPRECATED_OBJC_IMPLEMENTATIONS = YES;
				CLANG_WARN_DIRECT_OBJC_ISA_USAGE = YES_ERROR;
				CLANG_WARN_DOCUMENTATION_COMMENTS = YES;
				CLANG_WARN_EMPTY_BODY = YES;
				CLANG_WARN_ENUM_CONVERSION = YES;
				CLANG_WARN_INFINITE_RECURSION = YES;
				CLANG_WARN_INT_CONVERSION = YES;
				CLANG_WARN_NON_LITERAL_NULL_CONVERSION = YES;
				CLANG_WARN_OBJC_IMPLICIT_RETAIN_SELF = YES;
				CLANG_WARN_OBJC_LITERAL_CONVERSION = YES;
				CLANG_WARN_OBJC_ROOT_CLASS = YES_ERROR;
				CLANG_WARN_QUOTED_INCLUDE_IN_FRAMEWORK_HEADER = YES;
				CLANG_WARN_RANGE_LOOP_ANALYSIS = YES;
				CLANG_WARN_STRICT_PROTOTYPES = YES;
				CLANG_WARN_SUSPICIOUS_MOVE = YES;
				CLANG_WARN_UNGUARDED_AVAILABILITY = YES_AGGRESSIVE;
				CLANG_WARN_UNREACHABLE_CODE = YES;
				CLANG_WARN__DUPLICATE_METHOD_MATCH = YES;
				COPY_PHASE_STRIP = NO;
				DEBUG_INFORMATION_FORMAT = "dwarf-with-dsym";
				ENABLE_NS_ASSERTIONS = NO;
				ENABLE_STRICT_OBJC_MSGSEND = YES;
				GCC_C_LANGUAGE_STANDARD = gnu11;
				GCC_NO_COMMON_BLOCKS = YES;
				GCC_WARN_64_TO_32_BIT_CONVERSION = YES;
				GCC_WARN_ABOUT_RETURN_TYPE = YES_ERROR;
				GCC_WARN_UNDECLARED_SELECTOR = YES;
				GCC_WARN_UNINITIALIZED_AUTOS = YES_AGGRESSIVE;
				GCC_WARN_UNUSED_FUNCTION = YES;
				GCC_WARN_UNUSED_VARIABLE = YES;
				IPHONEOS_DEPLOYMENT_TARGET = 15.4;
				MTL_ENABLE_DEBUG_INFO = NO;
				MTL_FAST_MATH = YES;
				SDKROOT = iphoneos;
				SWIFT_COMPILATION_MODE = wholemodule;
				SWIFT_OPTIMIZATION_LEVEL = "-O";
				VALIDATE_PRODUCT = YES;
			};
			name = Release;
		};
		32552F08286D685A00194472 /* Debug */ = {
			isa = XCBuildConfiguration;
			buildSettings = {
				ASSETCATALOG_COMPILER_APPICON_NAME = AppIcon;
				ASSETCATALOG_COMPILER_GLOBAL_ACCENT_COLOR_NAME = AccentColor;
				CODE_SIGN_STYLE = Automatic;
				CURRENT_PROJECT_VERSION = 1;
				DEVELOPMENT_ASSET_PATHS = "\"FoodOrderingApp/Preview Content\"";
				ENABLE_PREVIEWS = YES;
				GENERATE_INFOPLIST_FILE = YES;
				INFOPLIST_KEY_UIApplicationSceneManifest_Generation = YES;
				INFOPLIST_KEY_UIApplicationSupportsIndirectInputEvents = YES;
				INFOPLIST_KEY_UILaunchScreen_Generation = YES;
				INFOPLIST_KEY_UISupportedInterfaceOrientations_iPad = "UIInterfaceOrientationPortrait UIInterfaceOrientationPortraitUpsideDown UIInterfaceOrientationLandscapeLeft UIInterfaceOrientationLandscapeRight";
				INFOPLIST_KEY_UISupportedInterfaceOrientations_iPhone = "UIInterfaceOrientationPortrait UIInterfaceOrientationLandscapeLeft UIInterfaceOrientationLandscapeRight";
				LD_RUNPATH_SEARCH_PATHS = (
					"$(inherited)",
					"@executable_path/Frameworks",
				);
				MARKETING_VERSION = 1.0;
				PRODUCT_BUNDLE_IDENTIFIER = SadmanAdib.FoodOrderingApp;
				PRODUCT_NAME = "$(TARGET_NAME)";
				SWIFT_EMIT_LOC_STRINGS = YES;
				SWIFT_VERSION = 5.0;
				TARGETED_DEVICE_FAMILY = "1,2";
			};
			name = Debug;
		};
		32552F09286D685A00194472 /* Release */ = {
			isa = XCBuildConfiguration;
			buildSettings = {
				ASSETCATALOG_COMPILER_APPICON_NAME = AppIcon;
				ASSETCATALOG_COMPILER_GLOBAL_ACCENT_COLOR_NAME = AccentColor;
				CODE_SIGN_STYLE = Automatic;
				CURRENT_PROJECT_VERSION = 1;
				DEVELOPMENT_ASSET_PATHS = "\"FoodOrderingApp/Preview Content\"";
				ENABLE_PREVIEWS = YES;
				GENERATE_INFOPLIST_FILE = YES;
				INFOPLIST_KEY_UIApplicationSceneManifest_Generation = YES;
				INFOPLIST_KEY_UIApplicationSupportsIndirectInputEvents = YES;
				INFOPLIST_KEY_UILaunchScreen_Generation = YES;
				INFOPLIST_KEY_UISupportedInterfaceOrientations_iPad = "UIInterfaceOrientationPortrait UIInterfaceOrientationPortraitUpsideDown UIInterfaceOrientationLandscapeLeft UIInterfaceOrientationLandscapeRight";
				INFOPLIST_KEY_UISupportedInterfaceOrientations_iPhone = "UIInterfaceOrientationPortrait UIInterfaceOrientationLandscapeLeft UIInterfaceOrientationLandscapeRight";
				LD_RUNPATH_SEARCH_PATHS = (
					"$(inherited)",
					"@executable_path/Frameworks",
				);
				MARKETING_VERSION = 1.0;
				PRODUCT_BUNDLE_IDENTIFIER = SadmanAdib.FoodOrderingApp;
				PRODUCT_NAME = "$(TARGET_NAME)";
				SWIFT_EMIT_LOC_STRINGS = YES;
				SWIFT_VERSION = 5.0;
				TARGETED_DEVICE_FAMILY = "1,2";
			};
			name = Release;
		};
		32552F0B286D685A00194472 /* Debug */ = {
			isa = XCBuildConfiguration;
			buildSettings = {
				ALWAYS_EMBED_SWIFT_STANDARD_LIBRARIES = YES;
				BUNDLE_LOADER = "$(TEST_HOST)";
				CODE_SIGN_STYLE = Automatic;
				CURRENT_PROJECT_VERSION = 1;
				GENERATE_INFOPLIST_FILE = YES;
				IPHONEOS_DEPLOYMENT_TARGET = 15.4;
				MARKETING_VERSION = 1.0;
				PRODUCT_BUNDLE_IDENTIFIER = SadmanAdib.FoodOrderingAppTests;
				PRODUCT_NAME = "$(TARGET_NAME)";
				SWIFT_EMIT_LOC_STRINGS = NO;
				SWIFT_VERSION = 5.0;
				TARGETED_DEVICE_FAMILY = "1,2";
				TEST_HOST = "$(BUILT_PRODUCTS_DIR)/FoodOrderingApp.app/FoodOrderingApp";
			};
			name = Debug;
		};
		32552F0C286D685A00194472 /* Release */ = {
			isa = XCBuildConfiguration;
			buildSettings = {
				ALWAYS_EMBED_SWIFT_STANDARD_LIBRARIES = YES;
				BUNDLE_LOADER = "$(TEST_HOST)";
				CODE_SIGN_STYLE = Automatic;
				CURRENT_PROJECT_VERSION = 1;
				GENERATE_INFOPLIST_FILE = YES;
				IPHONEOS_DEPLOYMENT_TARGET = 15.4;
				MARKETING_VERSION = 1.0;
				PRODUCT_BUNDLE_IDENTIFIER = SadmanAdib.FoodOrderingAppTests;
				PRODUCT_NAME = "$(TARGET_NAME)";
				SWIFT_EMIT_LOC_STRINGS = NO;
				SWIFT_VERSION = 5.0;
				TARGETED_DEVICE_FAMILY = "1,2";
				TEST_HOST = "$(BUILT_PRODUCTS_DIR)/FoodOrderingApp.app/FoodOrderingApp";
			};
			name = Release;
		};
		32552F0E286D685A00194472 /* Debug */ = {
			isa = XCBuildConfiguration;
			buildSettings = {
				ALWAYS_EMBED_SWIFT_STANDARD_LIBRARIES = YES;
				CODE_SIGN_STYLE = Automatic;
				CURRENT_PROJECT_VERSION = 1;
				GENERATE_INFOPLIST_FILE = YES;
				MARKETING_VERSION = 1.0;
				PRODUCT_BUNDLE_IDENTIFIER = SadmanAdib.FoodOrderingAppUITests;
				PRODUCT_NAME = "$(TARGET_NAME)";
				SWIFT_EMIT_LOC_STRINGS = NO;
				SWIFT_VERSION = 5.0;
				TARGETED_DEVICE_FAMILY = "1,2";
				TEST_TARGET_NAME = FoodOrderingApp;
			};
			name = Debug;
		};
		32552F0F286D685A00194472 /* Release */ = {
			isa = XCBuildConfiguration;
			buildSettings = {
				ALWAYS_EMBED_SWIFT_STANDARD_LIBRARIES = YES;
				CODE_SIGN_STYLE = Automatic;
				CURRENT_PROJECT_VERSION = 1;
				GENERATE_INFOPLIST_FILE = YES;
				MARKETING_VERSION = 1.0;
				PRODUCT_BUNDLE_IDENTIFIER = SadmanAdib.FoodOrderingAppUITests;
				PRODUCT_NAME = "$(TARGET_NAME)";
				SWIFT_EMIT_LOC_STRINGS = NO;
				SWIFT_VERSION = 5.0;
				TARGETED_DEVICE_FAMILY = "1,2";
				TEST_TARGET_NAME = FoodOrderingApp;
			};
			name = Release;
		};
/* End XCBuildConfiguration section */

/* Begin XCConfigurationList section */
		32552EDE286D685700194472 /* Build configuration list for PBXProject "FoodOrderingApp" */ = {
			isa = XCConfigurationList;
			buildConfigurations = (
				32552F05286D685A00194472 /* Debug */,
				32552F06286D685A00194472 /* Release */,
			);
			defaultConfigurationIsVisible = 0;
			defaultConfigurationName = Release;
		};
		32552F07286D685A00194472 /* Build configuration list for PBXNativeTarget "FoodOrderingApp" */ = {
			isa = XCConfigurationList;
			buildConfigurations = (
				32552F08286D685A00194472 /* Debug */,
				32552F09286D685A00194472 /* Release */,
			);
			defaultConfigurationIsVisible = 0;
			defaultConfigurationName = Release;
		};
		32552F0A286D685A00194472 /* Build configuration list for PBXNativeTarget "FoodOrderingAppTests" */ = {
			isa = XCConfigurationList;
			buildConfigurations = (
				32552F0B286D685A00194472 /* Debug */,
				32552F0C286D685A00194472 /* Release */,
			);
			defaultConfigurationIsVisible = 0;
			defaultConfigurationName = Release;
		};
		32552F0D286D685A00194472 /* Build configuration list for PBXNativeTarget "FoodOrderingAppUITests" */ = {
			isa = XCConfigurationList;
			buildConfigurations = (
				32552F0E286D685A00194472 /* Debug */,
				32552F0F286D685A00194472 /* Release */,
			);
			defaultConfigurationIsVisible = 0;
			defaultConfigurationName = Release;
		};
/* End XCConfigurationList section */
	};
	rootObject = 32552EDB286D685700194472 /* Project object */;
}
